
Microsoft Visual Studio Solution File, Format Version 12.00
# Visual Studio Version 17
VisualStudioVersion = 17.4.33403.182
MinimumVisualStudioVersion = 10.0.40219.1
Project("{FAE04EC0-301F-11D3-BF4B-00C04F79EFBC}") = "DB_TP", "DB_TP\DB_TP.csproj", "{B262A55D-3679-45D4-8482-0F647D315F3D}"
EndProject
Global
	GlobalSection(SolutionConfigurationPlatforms) = preSolution
		Debug|Any CPU = Debug|Any CPU
		Release|Any CPU = Release|Any CPU
	EndGlobalSection
	GlobalSection(ProjectConfigurationPlatforms) = postSolution
		{B262A55D-3679-45D4-8482-0F647D315F3D}.Debug|Any CPU.ActiveCfg = Debug|Any CPU
		{B262A55D-3679-45D4-8482-0F647D315F3D}.Debug|Any CPU.Build.0 = Debug|Any CPU
		{B262A55D-3679-45D4-8482-0F647D315F3D}.Release|Any CPU.ActiveCfg = Release|Any CPU
		{B262A55D-3679-45D4-8482-0F647D315F3D}.Release|Any CPU.Build.0 = Release|Any CPU
	EndGlobalSection
	GlobalSection(SolutionProperties) = preSolution
		HideSolutionNode = FALSE
	EndGlobalSection
	GlobalSection(ExtensibilityGlobals) = postSolution
		SolutionGuid = {D64F2CCF-27CE-48A5-9470-87BDF6F992CE}
	EndGlobalSection
EndGlobal
